// !$*UTF8*$!
{
	archiveVersion = 1;
	classes = {
	};
	objectVersion = 46;
	objects = {

/* Begin PBXBuildFile section */
		55DD96D1681561B4E2D40EDF /* Pods_PicasaPhotos.framework in Frameworks */ = {isa = PBXBuildFile; fileRef = 973011662652F079A7235556 /* Pods_PicasaPhotos.framework */; };
		DE22A9141F05DC8E00049A67 /* ReachabilityService.swift in Sources */ = {isa = PBXBuildFile; fileRef = DE22A9131F05DC8E00049A67 /* ReachabilityService.swift */; };
		DE41F3FD1EFA476600B1A1A1 /* AppDelegate.swift in Sources */ = {isa = PBXBuildFile; fileRef = DE41F3FC1EFA476600B1A1A1 /* AppDelegate.swift */; };
		DE41F4021EFA476600B1A1A1 /* Main.storyboard in Resources */ = {isa = PBXBuildFile; fileRef = DE41F4001EFA476600B1A1A1 /* Main.storyboard */; };
		DE41F4041EFA476600B1A1A1 /* Assets.xcassets in Resources */ = {isa = PBXBuildFile; fileRef = DE41F4031EFA476600B1A1A1 /* Assets.xcassets */; };
		DE41F4071EFA476600B1A1A1 /* LaunchScreen.storyboard in Resources */ = {isa = PBXBuildFile; fileRef = DE41F4051EFA476600B1A1A1 /* LaunchScreen.storyboard */; };
		DE41F40F1EFA483A00B1A1A1 /* GoogleService-Info.plist in Resources */ = {isa = PBXBuildFile; fileRef = DE41F40E1EFA483A00B1A1A1 /* GoogleService-Info.plist */; };
		DE41F4161EFB55D000B1A1A1 /* APIService.swift in Sources */ = {isa = PBXBuildFile; fileRef = DE41F4151EFB55D000B1A1A1 /* APIService.swift */; };
		DE41F4191EFB77B000B1A1A1 /* Album.swift in Sources */ = {isa = PBXBuildFile; fileRef = DE41F4181EFB77B000B1A1A1 /* Album.swift */; };
		DE41F41D1EFB980100B1A1A1 /* AlbumCell.swift in Sources */ = {isa = PBXBuildFile; fileRef = DE41F41B1EFB980100B1A1A1 /* AlbumCell.swift */; };
		DE41F41E1EFB980100B1A1A1 /* AlbumCell.xib in Resources */ = {isa = PBXBuildFile; fileRef = DE41F41C1EFB980100B1A1A1 /* AlbumCell.xib */; };
		DE41F4211EFB9A6000B1A1A1 /* AlbumViewModel.swift in Sources */ = {isa = PBXBuildFile; fileRef = DE41F4201EFB9A6000B1A1A1 /* AlbumViewModel.swift */; };
		DE41F4231EFB9CAD00B1A1A1 /* AlbumListViewModel.swift in Sources */ = {isa = PBXBuildFile; fileRef = DE41F4221EFB9CAD00B1A1A1 /* AlbumListViewModel.swift */; };
		DE41F4251EFBC24100B1A1A1 /* Login.storyboard in Resources */ = {isa = PBXBuildFile; fileRef = DE41F4241EFBC24100B1A1A1 /* Login.storyboard */; };
		DE41F4281EFBE9F900B1A1A1 /* LoginViewController.swift in Sources */ = {isa = PBXBuildFile; fileRef = DE41F4271EFBE9F900B1A1A1 /* LoginViewController.swift */; };
		DE41F42B1EFC240C00B1A1A1 /* StoryboardUtil.swift in Sources */ = {isa = PBXBuildFile; fileRef = DE41F42A1EFC240C00B1A1A1 /* StoryboardUtil.swift */; };
		DE41F42F1EFC86EE00B1A1A1 /* AlbumListViewController.swift in Sources */ = {isa = PBXBuildFile; fileRef = DE41F42E1EFC86EE00B1A1A1 /* AlbumListViewController.swift */; };
		DE77E3021EFC8E3400993B7C /* UserViewController.swift in Sources */ = {isa = PBXBuildFile; fileRef = DE77E3011EFC8E3400993B7C /* UserViewController.swift */; };
		DE77E3041EFCA6E200993B7C /* Photo.swift in Sources */ = {isa = PBXBuildFile; fileRef = DE77E3031EFCA6E200993B7C /* Photo.swift */; };
		DE77E3061EFCB32200993B7C /* PhotoViewModel.swift in Sources */ = {isa = PBXBuildFile; fileRef = DE77E3051EFCB32200993B7C /* PhotoViewModel.swift */; };
		DE77E3111EFCBE3B00993B7C /* PhotoCell.swift in Sources */ = {isa = PBXBuildFile; fileRef = DE77E30F1EFCBE3B00993B7C /* PhotoCell.swift */; };
		DE77E3121EFCBE3B00993B7C /* PhotoCell.xib in Resources */ = {isa = PBXBuildFile; fileRef = DE77E3101EFCBE3B00993B7C /* PhotoCell.xib */; };
		DE77E3141EFCC02A00993B7C /* AlbumViewController.swift in Sources */ = {isa = PBXBuildFile; fileRef = DE77E3131EFCC02A00993B7C /* AlbumViewController.swift */; };
		DE77E3161EFCCCF800993B7C /* PhotoListViewController.swift in Sources */ = {isa = PBXBuildFile; fileRef = DE77E3151EFCCCF800993B7C /* PhotoListViewController.swift */; };
		DE77E3181EFCCE9D00993B7C /* PhotoListViewModel.swift in Sources */ = {isa = PBXBuildFile; fileRef = DE77E3171EFCCE9D00993B7C /* PhotoListViewModel.swift */; };
		DE77E31A1EFCE54E00993B7C /* PhotoViewController.swift in Sources */ = {isa = PBXBuildFile; fileRef = DE77E3191EFCE54E00993B7C /* PhotoViewController.swift */; };
		DE93ACCC1F025DF700717FC1 /* Constant.swift in Sources */ = {isa = PBXBuildFile; fileRef = DE93ACCB1F025DF700717FC1 /* Constant.swift */; };
		DE93ACCE1F025E0900717FC1 /* Util.swift in Sources */ = {isa = PBXBuildFile; fileRef = DE93ACCD1F025E0900717FC1 /* Util.swift */; };
/* End PBXBuildFile section */

/* Begin PBXFileReference section */
		973011662652F079A7235556 /* Pods_PicasaPhotos.framework */ = {isa = PBXFileReference; explicitFileType = wrapper.framework; includeInIndex = 0; path = Pods_PicasaPhotos.framework; sourceTree = BUILT_PRODUCTS_DIR; };
		DE22A9131F05DC8E00049A67 /* ReachabilityService.swift */ = {isa = PBXFileReference; fileEncoding = 4; lastKnownFileType = sourcecode.swift; path = ReachabilityService.swift; sourceTree = "<group>"; };
		DE41F3F91EFA476600B1A1A1 /* PicasaPhotos.app */ = {isa = PBXFileReference; explicitFileType = wrapper.application; includeInIndex = 0; path = PicasaPhotos.app; sourceTree = BUILT_PRODUCTS_DIR; };
		DE41F3FC1EFA476600B1A1A1 /* AppDelegate.swift */ = {isa = PBXFileReference; lastKnownFileType = sourcecode.swift; path = AppDelegate.swift; sourceTree = "<group>"; };
		DE41F4011EFA476600B1A1A1 /* Base */ = {isa = PBXFileReference; lastKnownFileType = file.storyboard; name = Base; path = Base.lproj/Main.storyboard; sourceTree = "<group>"; };
		DE41F4031EFA476600B1A1A1 /* Assets.xcassets */ = {isa = PBXFileReference; lastKnownFileType = folder.assetcatalog; path = Assets.xcassets; sourceTree = "<group>"; };
		DE41F4061EFA476600B1A1A1 /* Base */ = {isa = PBXFileReference; lastKnownFileType = file.storyboard; name = Base; path = Base.lproj/LaunchScreen.storyboard; sourceTree = "<group>"; };
		DE41F4081EFA476600B1A1A1 /* Info.plist */ = {isa = PBXFileReference; lastKnownFileType = text.plist.xml; path = Info.plist; sourceTree = "<group>"; };
		DE41F40E1EFA483A00B1A1A1 /* GoogleService-Info.plist */ = {isa = PBXFileReference; fileEncoding = 4; lastKnownFileType = text.plist.xml; path = "GoogleService-Info.plist"; sourceTree = "<group>"; };
		DE41F4151EFB55D000B1A1A1 /* APIService.swift */ = {isa = PBXFileReference; fileEncoding = 4; lastKnownFileType = sourcecode.swift; path = APIService.swift; sourceTree = "<group>"; };
		DE41F4181EFB77B000B1A1A1 /* Album.swift */ = {isa = PBXFileReference; fileEncoding = 4; lastKnownFileType = sourcecode.swift; path = Album.swift; sourceTree = "<group>"; };
		DE41F41B1EFB980100B1A1A1 /* AlbumCell.swift */ = {isa = PBXFileReference; fileEncoding = 4; lastKnownFileType = sourcecode.swift; path = AlbumCell.swift; sourceTree = "<group>"; };
		DE41F41C1EFB980100B1A1A1 /* AlbumCell.xib */ = {isa = PBXFileReference; fileEncoding = 4; lastKnownFileType = file.xib; path = AlbumCell.xib; sourceTree = "<group>"; };
		DE41F4201EFB9A6000B1A1A1 /* AlbumViewModel.swift */ = {isa = PBXFileReference; fileEncoding = 4; lastKnownFileType = sourcecode.swift; path = AlbumViewModel.swift; sourceTree = "<group>"; };
		DE41F4221EFB9CAD00B1A1A1 /* AlbumListViewModel.swift */ = {isa = PBXFileReference; fileEncoding = 4; lastKnownFileType = sourcecode.swift; path = AlbumListViewModel.swift; sourceTree = "<group>"; };
		DE41F4241EFBC24100B1A1A1 /* Login.storyboard */ = {isa = PBXFileReference; fileEncoding = 4; lastKnownFileType = file.storyboard; path = Login.storyboard; sourceTree = "<group>"; };
		DE41F4271EFBE9F900B1A1A1 /* LoginViewController.swift */ = {isa = PBXFileReference; fileEncoding = 4; lastKnownFileType = sourcecode.swift; path = LoginViewController.swift; sourceTree = "<group>"; };
		DE41F42A1EFC240C00B1A1A1 /* StoryboardUtil.swift */ = {isa = PBXFileReference; fileEncoding = 4; lastKnownFileType = sourcecode.swift; path = StoryboardUtil.swift; sourceTree = "<group>"; };
		DE41F42E1EFC86EE00B1A1A1 /* AlbumListViewController.swift */ = {isa = PBXFileReference; fileEncoding = 4; lastKnownFileType = sourcecode.swift; path = AlbumListViewController.swift; sourceTree = "<group>"; };
		DE77E3011EFC8E3400993B7C /* UserViewController.swift */ = {isa = PBXFileReference; fileEncoding = 4; lastKnownFileType = sourcecode.swift; path = UserViewController.swift; sourceTree = "<group>"; };
		DE77E3031EFCA6E200993B7C /* Photo.swift */ = {isa = PBXFileReference; fileEncoding = 4; lastKnownFileType = sourcecode.swift; path = Photo.swift; sourceTree = "<group>"; };
		DE77E3051EFCB32200993B7C /* PhotoViewModel.swift */ = {isa = PBXFileReference; fileEncoding = 4; lastKnownFileType = sourcecode.swift; path = PhotoViewModel.swift; sourceTree = "<group>"; };
		DE77E30F1EFCBE3B00993B7C /* PhotoCell.swift */ = {isa = PBXFileReference; fileEncoding = 4; lastKnownFileType = sourcecode.swift; path = PhotoCell.swift; sourceTree = "<group>"; };
		DE77E3101EFCBE3B00993B7C /* PhotoCell.xib */ = {isa = PBXFileReference; fileEncoding = 4; lastKnownFileType = file.xib; path = PhotoCell.xib; sourceTree = "<group>"; };
		DE77E3131EFCC02A00993B7C /* AlbumViewController.swift */ = {isa = PBXFileReference; fileEncoding = 4; lastKnownFileType = sourcecode.swift; path = AlbumViewController.swift; sourceTree = "<group>"; };
		DE77E3151EFCCCF800993B7C /* PhotoListViewController.swift */ = {isa = PBXFileReference; fileEncoding = 4; lastKnownFileType = sourcecode.swift; path = PhotoListViewController.swift; sourceTree = "<group>"; };
		DE77E3171EFCCE9D00993B7C /* PhotoListViewModel.swift */ = {isa = PBXFileReference; fileEncoding = 4; lastKnownFileType = sourcecode.swift; path = PhotoListViewModel.swift; sourceTree = "<group>"; };
		DE77E3191EFCE54E00993B7C /* PhotoViewController.swift */ = {isa = PBXFileReference; fileEncoding = 4; lastKnownFileType = sourcecode.swift; path = PhotoViewController.swift; sourceTree = "<group>"; };
		DE93ACCB1F025DF700717FC1 /* Constant.swift */ = {isa = PBXFileReference; fileEncoding = 4; lastKnownFileType = sourcecode.swift; path = Constant.swift; sourceTree = "<group>"; };
		DE93ACCD1F025E0900717FC1 /* Util.swift */ = {isa = PBXFileReference; fileEncoding = 4; lastKnownFileType = sourcecode.swift; path = Util.swift; sourceTree = "<group>"; };
		ED0EAE13799BF59AF87766CE /* Pods-PicasaPhotos.debug.xcconfig */ = {isa = PBXFileReference; includeInIndex = 1; lastKnownFileType = text.xcconfig; name = "Pods-PicasaPhotos.debug.xcconfig"; path = "Pods/Target Support Files/Pods-PicasaPhotos/Pods-PicasaPhotos.debug.xcconfig"; sourceTree = "<group>"; };
		EDB3AF6BE3ACAD49A23E8348 /* Pods-PicasaPhotos.release.xcconfig */ = {isa = PBXFileReference; includeInIndex = 1; lastKnownFileType = text.xcconfig; name = "Pods-PicasaPhotos.release.xcconfig"; path = "Pods/Target Support Files/Pods-PicasaPhotos/Pods-PicasaPhotos.release.xcconfig"; sourceTree = "<group>"; };
/* End PBXFileReference section */

/* Begin PBXFrameworksBuildPhase section */
		DE41F3F61EFA476600B1A1A1 /* Frameworks */ = {
			isa = PBXFrameworksBuildPhase;
			buildActionMask = 2147483647;
			files = (
				55DD96D1681561B4E2D40EDF /* Pods_PicasaPhotos.framework in Frameworks */,
			);
			runOnlyForDeploymentPostprocessing = 0;
		};
/* End PBXFrameworksBuildPhase section */

/* Begin PBXGroup section */
		A39C2552770D1D73967E663B /* Pods */ = {
			isa = PBXGroup;
			children = (
				ED0EAE13799BF59AF87766CE /* Pods-PicasaPhotos.debug.xcconfig */,
				EDB3AF6BE3ACAD49A23E8348 /* Pods-PicasaPhotos.release.xcconfig */,
			);
			name = Pods;
			sourceTree = "<group>";
		};
		DE41F3F01EFA476600B1A1A1 = {
			isa = PBXGroup;
			children = (
				DE41F3FB1EFA476600B1A1A1 /* PicasaPhotos */,
				DE41F3FA1EFA476600B1A1A1 /* Products */,
				A39C2552770D1D73967E663B /* Pods */,
				DE602118DE09E041DD0ABB14 /* Frameworks */,
			);
			sourceTree = "<group>";
		};
		DE41F3FA1EFA476600B1A1A1 /* Products */ = {
			isa = PBXGroup;
			children = (
				DE41F3F91EFA476600B1A1A1 /* PicasaPhotos.app */,
			);
			name = Products;
			sourceTree = "<group>";
		};
		DE41F3FB1EFA476600B1A1A1 /* PicasaPhotos */ = {
			isa = PBXGroup;
			children = (
				DE77E3001EFC8C6100993B7C /* Storyboards */,
				DE41F4291EFC23EA00B1A1A1 /* Utilities */,
				DE41F4261EFBCBCE00B1A1A1 /* ViewControllers */,
				DE41F41F1EFB9A4D00B1A1A1 /* ViewModels */,
				DE41F41A1EFB97C500B1A1A1 /* Views */,
				DE41F4171EFB77A600B1A1A1 /* Models */,
				DE41F4141EFB55C000B1A1A1 /* Services */,
				DE41F3FC1EFA476600B1A1A1 /* AppDelegate.swift */,
				DE41F4031EFA476600B1A1A1 /* Assets.xcassets */,
				DE41F4081EFA476600B1A1A1 /* Info.plist */,
				DE41F40E1EFA483A00B1A1A1 /* GoogleService-Info.plist */,
			);
			path = PicasaPhotos;
			sourceTree = "<group>";
		};
		DE41F4141EFB55C000B1A1A1 /* Services */ = {
			isa = PBXGroup;
			children = (
				DE41F4151EFB55D000B1A1A1 /* APIService.swift */,
				DE22A9131F05DC8E00049A67 /* ReachabilityService.swift */,
			);
			name = Services;
			sourceTree = "<group>";
		};
		DE41F4171EFB77A600B1A1A1 /* Models */ = {
			isa = PBXGroup;
			children = (
				DE41F4181EFB77B000B1A1A1 /* Album.swift */,
				DE77E3031EFCA6E200993B7C /* Photo.swift */,
			);
			name = Models;
			sourceTree = "<group>";
		};
		DE41F41A1EFB97C500B1A1A1 /* Views */ = {
			isa = PBXGroup;
			children = (
				DE41F41B1EFB980100B1A1A1 /* AlbumCell.swift */,
				DE41F41C1EFB980100B1A1A1 /* AlbumCell.xib */,
				DE77E30F1EFCBE3B00993B7C /* PhotoCell.swift */,
				DE77E3101EFCBE3B00993B7C /* PhotoCell.xib */,
			);
			name = Views;
			sourceTree = "<group>";
		};
		DE41F41F1EFB9A4D00B1A1A1 /* ViewModels */ = {
			isa = PBXGroup;
			children = (
				DE41F4201EFB9A6000B1A1A1 /* AlbumViewModel.swift */,
				DE41F4221EFB9CAD00B1A1A1 /* AlbumListViewModel.swift */,
				DE77E3051EFCB32200993B7C /* PhotoViewModel.swift */,
				DE77E3171EFCCE9D00993B7C /* PhotoListViewModel.swift */,
			);
			name = ViewModels;
			sourceTree = "<group>";
		};
		DE41F4261EFBCBCE00B1A1A1 /* ViewControllers */ = {
			isa = PBXGroup;
			children = (
				DE41F4271EFBE9F900B1A1A1 /* LoginViewController.swift */,
				DE77E3011EFC8E3400993B7C /* UserViewController.swift */,
				DE41F42E1EFC86EE00B1A1A1 /* AlbumListViewController.swift */,
				DE77E3131EFCC02A00993B7C /* AlbumViewController.swift */,
				DE77E3151EFCCCF800993B7C /* PhotoListViewController.swift */,
				DE77E3191EFCE54E00993B7C /* PhotoViewController.swift */,
			);
			name = ViewControllers;
			sourceTree = "<group>";
		};
		DE41F4291EFC23EA00B1A1A1 /* Utilities */ = {
			isa = PBXGroup;
			children = (
				DE41F42A1EFC240C00B1A1A1 /* StoryboardUtil.swift */,
				DE93ACCB1F025DF700717FC1 /* Constant.swift */,
				DE93ACCD1F025E0900717FC1 /* Util.swift */,
			);
			name = Utilities;
			sourceTree = "<group>";
		};
		DE602118DE09E041DD0ABB14 /* Frameworks */ = {
			isa = PBXGroup;
			children = (
				973011662652F079A7235556 /* Pods_PicasaPhotos.framework */,
			);
			name = Frameworks;
			sourceTree = "<group>";
		};
		DE77E3001EFC8C6100993B7C /* Storyboards */ = {
			isa = PBXGroup;
			children = (
				DE41F4001EFA476600B1A1A1 /* Main.storyboard */,
				DE41F4241EFBC24100B1A1A1 /* Login.storyboard */,
				DE41F4051EFA476600B1A1A1 /* LaunchScreen.storyboard */,
			);
			name = Storyboards;
			sourceTree = "<group>";
		};
/* End PBXGroup section */

/* Begin PBXNativeTarget section */
		DE41F3F81EFA476600B1A1A1 /* PicasaPhotos */ = {
			isa = PBXNativeTarget;
			buildConfigurationList = DE41F40B1EFA476600B1A1A1 /* Build configuration list for PBXNativeTarget "PicasaPhotos" */;
			buildPhases = (
				C9BB6363813A8B4DCA71A545 /* [CP] Check Pods Manifest.lock */,
				DE41F3F51EFA476600B1A1A1 /* Sources */,
				DE41F3F61EFA476600B1A1A1 /* Frameworks */,
				DE41F3F71EFA476600B1A1A1 /* Resources */,
				AD56A5CBA7261BCACECF3610 /* [CP] Embed Pods Frameworks */,
				65AED0C305DA8AC4F44B9D6F /* [CP] Copy Pods Resources */,
			);
			buildRules = (
			);
			dependencies = (
			);
			name = PicasaPhotos;
			productName = PicasaPhotos;
			productReference = DE41F3F91EFA476600B1A1A1 /* PicasaPhotos.app */;
			productType = "com.apple.product-type.application";
		};
/* End PBXNativeTarget section */

/* Begin PBXProject section */
		DE41F3F11EFA476600B1A1A1 /* Project object */ = {
			isa = PBXProject;
			attributes = {
				LastSwiftUpdateCheck = 0820;
				LastUpgradeCheck = 0820;
				ORGANIZATIONNAME = "Le Ngoc Hoan";
				TargetAttributes = {
					DE41F3F81EFA476600B1A1A1 = {
						CreatedOnToolsVersion = 8.2.1;
						DevelopmentTeam = BEQ6W5C27H;
						LastSwiftMigration = 0820;
						ProvisioningStyle = Automatic;
					};
				};
			};
			buildConfigurationList = DE41F3F41EFA476600B1A1A1 /* Build configuration list for PBXProject "PicasaPhotos" */;
			compatibilityVersion = "Xcode 3.2";
			developmentRegion = English;
			hasScannedForEncodings = 0;
			knownRegions = (
				en,
				Base,
			);
			mainGroup = DE41F3F01EFA476600B1A1A1;
			productRefGroup = DE41F3FA1EFA476600B1A1A1 /* Products */;
			projectDirPath = "";
			projectRoot = "";
			targets = (
				DE41F3F81EFA476600B1A1A1 /* PicasaPhotos */,
			);
		};
/* End PBXProject section */

/* Begin PBXResourcesBuildPhase section */
		DE41F3F71EFA476600B1A1A1 /* Resources */ = {
			isa = PBXResourcesBuildPhase;
			buildActionMask = 2147483647;
			files = (
				DE41F4071EFA476600B1A1A1 /* LaunchScreen.storyboard in Resources */,
				DE41F40F1EFA483A00B1A1A1 /* GoogleService-Info.plist in Resources */,
				DE41F4251EFBC24100B1A1A1 /* Login.storyboard in Resources */,
				DE41F41E1EFB980100B1A1A1 /* AlbumCell.xib in Resources */,
				DE41F4041EFA476600B1A1A1 /* Assets.xcassets in Resources */,
				DE41F4021EFA476600B1A1A1 /* Main.storyboard in Resources */,
				DE77E3121EFCBE3B00993B7C /* PhotoCell.xib in Resources */,
			);
			runOnlyForDeploymentPostprocessing = 0;
		};
/* End PBXResourcesBuildPhase section */

/* Begin PBXShellScriptBuildPhase section */
		65AED0C305DA8AC4F44B9D6F /* [CP] Copy Pods Resources */ = {
			isa = PBXShellScriptBuildPhase;
			buildActionMask = 2147483647;
			files = (
			);
			inputPaths = (
			);
			name = "[CP] Copy Pods Resources";
			outputPaths = (
			);
			runOnlyForDeploymentPostprocessing = 0;
			shellPath = /bin/sh;
			shellScript = "\"${SRCROOT}/Pods/Target Support Files/Pods-PicasaPhotos/Pods-PicasaPhotos-resources.sh\"\n";
			showEnvVarsInLog = 0;
		};
		AD56A5CBA7261BCACECF3610 /* [CP] Embed Pods Frameworks */ = {
			isa = PBXShellScriptBuildPhase;
			buildActionMask = 2147483647;
			files = (
			);
			inputPaths = (
			);
			name = "[CP] Embed Pods Frameworks";
			outputPaths = (
			);
			runOnlyForDeploymentPostprocessing = 0;
			shellPath = /bin/sh;
			shellScript = "\"${SRCROOT}/Pods/Target Support Files/Pods-PicasaPhotos/Pods-PicasaPhotos-frameworks.sh\"\n";
			showEnvVarsInLog = 0;
		};
		C9BB6363813A8B4DCA71A545 /* [CP] Check Pods Manifest.lock */ = {
			isa = PBXShellScriptBuildPhase;
			buildActionMask = 2147483647;
			files = (
			);
			inputPaths = (
			);
			name = "[CP] Check Pods Manifest.lock";
			outputPaths = (
			);
			runOnlyForDeploymentPostprocessing = 0;
			shellPath = /bin/sh;
			shellScript = "diff \"${PODS_PODFILE_DIR_PATH}/Podfile.lock\" \"${PODS_ROOT}/Manifest.lock\" > /dev/null\nif [ $? != 0 ] ; then\n    # print error to STDERR\n    echo \"error: The sandbox is not in sync with the Podfile.lock. Run 'pod install' or update your CocoaPods installation.\" >&2\n    exit 1\nfi\n";
			showEnvVarsInLog = 0;
		};
/* End PBXShellScriptBuildPhase section */

/* Begin PBXSourcesBuildPhase section */
		DE41F3F51EFA476600B1A1A1 /* Sources */ = {
			isa = PBXSourcesBuildPhase;
			buildActionMask = 2147483647;
			files = (
				DE77E3111EFCBE3B00993B7C /* PhotoCell.swift in Sources */,
				DE41F42B1EFC240C00B1A1A1 /* StoryboardUtil.swift in Sources */,
				DE77E3061EFCB32200993B7C /* PhotoViewModel.swift in Sources */,
				DE77E3021EFC8E3400993B7C /* UserViewController.swift in Sources */,
				DE41F4211EFB9A6000B1A1A1 /* AlbumViewModel.swift in Sources */,
				DE77E3181EFCCE9D00993B7C /* PhotoListViewModel.swift in Sources */,
				DE77E3161EFCCCF800993B7C /* PhotoListViewController.swift in Sources */,
				DE41F4161EFB55D000B1A1A1 /* APIService.swift in Sources */,
				DE77E3141EFCC02A00993B7C /* AlbumViewController.swift in Sources */,
				DE41F42F1EFC86EE00B1A1A1 /* AlbumListViewController.swift in Sources */,
				DE22A9141F05DC8E00049A67 /* ReachabilityService.swift in Sources */,
				DE77E31A1EFCE54E00993B7C /* PhotoViewController.swift in Sources */,
				DE93ACCC1F025DF700717FC1 /* Constant.swift in Sources */,
				DE93ACCE1F025E0900717FC1 /* Util.swift in Sources */,
				DE41F41D1EFB980100B1A1A1 /* AlbumCell.swift in Sources */,
				DE41F4281EFBE9F900B1A1A1 /* LoginViewController.swift in Sources */,
				DE77E3041EFCA6E200993B7C /* Photo.swift in Sources */,
				DE41F3FD1EFA476600B1A1A1 /* AppDelegate.swift in Sources */,
				DE41F4231EFB9CAD00B1A1A1 /* AlbumListViewModel.swift in Sources */,
				DE41F4191EFB77B000B1A1A1 /* Album.swift in Sources */,
			);
			runOnlyForDeploymentPostprocessing = 0;
		};
/* End PBXSourcesBuildPhase section */

/* Begin PBXVariantGroup section */
		DE41F4001EFA476600B1A1A1 /* Main.storyboard */ = {
			isa = PBXVariantGroup;
			children = (
				DE41F4011EFA476600B1A1A1 /* Base */,
			);
			name = Main.storyboard;
			sourceTree = "<group>";
		};
		DE41F4051EFA476600B1A1A1 /* LaunchScreen.storyboard */ = {
			isa = PBXVariantGroup;
			children = (
				DE41F4061EFA476600B1A1A1 /* Base */,
			);
			name = LaunchScreen.storyboard;
			sourceTree = "<group>";
		};
/* End PBXVariantGroup section */

/* Begin XCBuildConfiguration section */
		DE41F4091EFA476600B1A1A1 /* Debug */ = {
			isa = XCBuildConfiguration;
			buildSettings = {
				ALWAYS_SEARCH_USER_PATHS = NO;
				CLANG_ANALYZER_NONNULL = YES;
				CLANG_CXX_LANGUAGE_STANDARD = "gnu++0x";
				CLANG_CXX_LIBRARY = "libc++";
				CLANG_ENABLE_MODULES = YES;
				CLANG_ENABLE_OBJC_ARC = YES;
				CLANG_WARN_BOOL_CONVERSION = YES;
				CLANG_WARN_CONSTANT_CONVERSION = YES;
				CLANG_WARN_DIRECT_OBJC_ISA_USAGE = YES_ERROR;
				CLANG_WARN_DOCUMENTATION_COMMENTS = YES;
				CLANG_WARN_EMPTY_BODY = YES;
				CLANG_WARN_ENUM_CONVERSION = YES;
				CLANG_WARN_INFINITE_RECURSION = YES;
				CLANG_WARN_INT_CONVERSION = YES;
				CLANG_WARN_OBJC_ROOT_CLASS = YES_ERROR;
				CLANG_WARN_SUSPICIOUS_MOVE = YES;
				CLANG_WARN_UNREACHABLE_CODE = YES;
				CLANG_WARN__DUPLICATE_METHOD_MATCH = YES;
				"CODE_SIGN_IDENTITY[sdk=iphoneos*]" = "iPhone Developer";
				COPY_PHASE_STRIP = NO;
				DEBUG_INFORMATION_FORMAT = dwarf;
				ENABLE_STRICT_OBJC_MSGSEND = YES;
				ENABLE_TESTABILITY = YES;
				GCC_C_LANGUAGE_STANDARD = gnu99;
				GCC_DYNAMIC_NO_PIC = NO;
				GCC_NO_COMMON_BLOCKS = YES;
				GCC_OPTIMIZATION_LEVEL = 0;
				GCC_PREPROCESSOR_DEFINITIONS = (
					"DEBUG=1",
					"$(inherited)",
				);
				GCC_WARN_64_TO_32_BIT_CONVERSION = YES;
				GCC_WARN_ABOUT_RETURN_TYPE = YES_ERROR;
				GCC_WARN_UNDECLARED_SELECTOR = YES;
				GCC_WARN_UNINITIALIZED_AUTOS = YES_AGGRESSIVE;
				GCC_WARN_UNUSED_FUNCTION = YES;
				GCC_WARN_UNUSED_VARIABLE = YES;
				IPHONEOS_DEPLOYMENT_TARGET = 10.2;
				MTL_ENABLE_DEBUG_INFO = YES;
				ONLY_ACTIVE_ARCH = YES;
				SDKROOT = iphoneos;
				SWIFT_ACTIVE_COMPILATION_CONDITIONS = DEBUG;
				SWIFT_OPTIMIZATION_LEVEL = "-Onone";
				TARGETED_DEVICE_FAMILY = "1,2";
			};
			name = Debug;
		};
		DE41F40A1EFA476600B1A1A1 /* Release */ = {
			isa = XCBuildConfiguration;
			buildSettings = {
				ALWAYS_SEARCH_USER_PATHS = NO;
				CLANG_ANALYZER_NONNULL = YES;
				CLANG_CXX_LANGUAGE_STANDARD = "gnu++0x";
				CLANG_CXX_LIBRARY = "libc++";
				CLANG_ENABLE_MODULES = YES;
				CLANG_ENABLE_OBJC_ARC = YES;
				CLANG_WARN_BOOL_CONVERSION = YES;
				CLANG_WARN_CONSTANT_CONVERSION = YES;
				CLANG_WARN_DIRECT_OBJC_ISA_USAGE = YES_ERROR;
				CLANG_WARN_DOCUMENTATION_COMMENTS = YES;
				CLANG_WARN_EMPTY_BODY = YES;
				CLANG_WARN_ENUM_CONVERSION = YES;
				CLANG_WARN_INFINITE_RECURSION = YES;
				CLANG_WARN_INT_CONVERSION = YES;
				CLANG_WARN_OBJC_ROOT_CLASS = YES_ERROR;
				CLANG_WARN_SUSPICIOUS_MOVE = YES;
				CLANG_WARN_UNREACHABLE_CODE = YES;
				CLANG_WARN__DUPLICATE_METHOD_MATCH = YES;
				"CODE_SIGN_IDENTITY[sdk=iphoneos*]" = "iPhone Developer";
				COPY_PHASE_STRIP = NO;
				DEBUG_INFORMATION_FORMAT = "dwarf-with-dsym";
				ENABLE_NS_ASSERTIONS = NO;
				ENABLE_STRICT_OBJC_MSGSEND = YES;
				GCC_C_LANGUAGE_STANDARD = gnu99;
				GCC_NO_COMMON_BLOCKS = YES;
				GCC_WARN_64_TO_32_BIT_CONVERSION = YES;
				GCC_WARN_ABOUT_RETURN_TYPE = YES_ERROR;
				GCC_WARN_UNDECLARED_SELECTOR = YES;
				GCC_WARN_UNINITIALIZED_AUTOS = YES_AGGRESSIVE;
				GCC_WARN_UNUSED_FUNCTION = YES;
				GCC_WARN_UNUSED_VARIABLE = YES;
				IPHONEOS_DEPLOYMENT_TARGET = 10.2;
				MTL_ENABLE_DEBUG_INFO = NO;
				SDKROOT = iphoneos;
				SWIFT_OPTIMIZATION_LEVEL = "-Owholemodule";
				TARGETED_DEVICE_FAMILY = "1,2";
				VALIDATE_PRODUCT = YES;
			};
			name = Release;
		};
		DE41F40C1EFA476600B1A1A1 /* Debug */ = {
			isa = XCBuildConfiguration;
			baseConfigurationReference = ED0EAE13799BF59AF87766CE /* Pods-PicasaPhotos.debug.xcconfig */;
			buildSettings = {
				ASSETCATALOG_COMPILER_APPICON_NAME = AppIcon;
				CLANG_ENABLE_MODULES = YES;
				DEVELOPMENT_TEAM = BEQ6W5C27H;
				INFOPLIST_FILE = PicasaPhotos/Info.plist;
				IPHONEOS_DEPLOYMENT_TARGET = 10.0;
				LD_RUNPATH_SEARCH_PATHS = "$(inherited) @executable_path/Frameworks";
				PRODUCT_BUNDLE_IDENTIFIER = com.example.first.PicasaPhotos;
				PRODUCT_NAME = "$(TARGET_NAME)";
				SWIFT_OBJC_BRIDGING_HEADER = "";
				SWIFT_OPTIMIZATION_LEVEL = "-Onone";
				SWIFT_VERSION = 3.0;
			};
			name = Debug;
		};
		DE41F40D1EFA476600B1A1A1 /* Release */ = {
			isa = XCBuildConfiguration;
			baseConfigurationReference = EDB3AF6BE3ACAD49A23E8348 /* Pods-PicasaPhotos.release.xcconfig */;
			buildSettings = {
				ASSETCATALOG_COMPILER_APPICON_NAME = AppIcon;
				CLANG_ENABLE_MODULES = YES;
				DEVELOPMENT_TEAM = BEQ6W5C27H;
				INFOPLIST_FILE = PicasaPhotos/Info.plist;
				IPHONEOS_DEPLOYMENT_TARGET = 10.0;
				LD_RUNPATH_SEARCH_PATHS = "$(inherited) @executable_path/Frameworks";
				PRODUCT_BUNDLE_IDENTIFIER = com.example.first.PicasaPhotos;
				PRODUCT_NAME = "$(TARGET_NAME)";
				SWIFT_OBJC_BRIDGING_HEADER = "";
				SWIFT_VERSION = 3.0;
			};
			name = Release;
		};
/* End XCBuildConfiguration section */

/* Begin XCConfigurationList section */
		DE41F3F41EFA476600B1A1A1 /* Build configuration list for PBXProject "PicasaPhotos" */ = {
			isa = XCConfigurationList;
			buildConfigurations = (
				DE41F4091EFA476600B1A1A1 /* Debug */,
				DE41F40A1EFA476600B1A1A1 /* Release */,
			);
			defaultConfigurationIsVisible = 0;
			defaultConfigurationName = Release;
		};
		DE41F40B1EFA476600B1A1A1 /* Build configuration list for PBXNativeTarget "PicasaPhotos" */ = {
			isa = XCConfigurationList;
			buildConfigurations = (
				DE41F40C1EFA476600B1A1A1 /* Debug */,
				DE41F40D1EFA476600B1A1A1 /* Release */,
			);
			defaultConfigurationIsVisible = 0;
			defaultConfigurationName = Release;
		};
/* End XCConfigurationList section */
	};
	rootObject = DE41F3F11EFA476600B1A1A1 /* Project object */;
}
